
Microsoft Visual Studio Solution File, Format Version 12.00
# Visual Studio Version 16
VisualStudioVersion = 16.0.30128.74
MinimumVisualStudioVersion = 10.0.40219.1
Project("{FAE04EC0-301F-11D3-BF4B-00C04F79EFBC}") = "XJTAGConverters", "XJTAGConverters.csproj", "{437ACFD4-862E-4C73-989C-C685A4BF0C8C}"
EndProject
Global
	GlobalSection(SolutionConfigurationPlatforms) = preSolution
		Debug|Any CPU = Debug|Any CPU
		Release|Any CPU = Release|Any CPU
	EndGlobalSection
	GlobalSection(ProjectConfigurationPlatforms) = postSolution
		{437ACFD4-862E-4C73-989C-C685A4BF0C8C}.Debug|Any CPU.ActiveCfg = Debug|Any CPU
		{437ACFD4-862E-4C73-989C-C685A4BF0C8C}.Debug|Any CPU.Build.0 = Debug|Any CPU
		{437ACFD4-862E-4C73-989C-C685A4BF0C8C}.Release|Any CPU.ActiveCfg = Release|Any CPU
		{437ACFD4-862E-4C73-989C-C685A4BF0C8C}.Release|Any CPU.Build.0 = Release|Any CPU
	EndGlobalSection
	GlobalSection(SolutionProperties) = preSolution
		HideSolutionNode = FALSE
	EndGlobalSection
	GlobalSection(ExtensibilityGlobals) = postSolution
		SolutionGuid = {1062AC34-7D5D-4FD4-B101-DF76E96C7AC2}
	EndGlobalSection
EndGlobal
